
Microsoft Visual Studio Solution File, Format Version 12.00
# Visual Studio Version 17
VisualStudioVersion = 17.5.33516.290
MinimumVisualStudioVersion = 10.0.40219.1
Project("{54A90642-561A-4BB1-A94E-469ADEE60C69}") = "angularapp", "angularapp\angularapp.esproj", "{22F4FBE9-DEC5-4E95-A0AF-98E551382454}"
EndProject
Project("{9A19103F-16F7-4668-BE54-9A1E7A4F7556}") = "webapi", "webapi\webapi.csproj", "{9A22747C-6AD9-4F82-B296-6C081DFAE444}"
EndProject
Global
	GlobalSection(SolutionConfigurationPlatforms) = preSolution
		Debug|Any CPU = Debug|Any CPU
		Release|Any CPU = Release|Any CPU
	EndGlobalSection
	GlobalSection(ProjectConfigurationPlatforms) = postSolution
		{22F4FBE9-DEC5-4E95-A0AF-98E551382454}.Debug|Any CPU.ActiveCfg = Debug|Any CPU
		{22F4FBE9-DEC5-4E95-A0AF-98E551382454}.Debug|Any CPU.Build.0 = Debug|Any CPU
		{22F4FBE9-DEC5-4E95-A0AF-98E551382454}.Release|Any CPU.ActiveCfg = Release|Any CPU
		{22F4FBE9-DEC5-4E95-A0AF-98E551382454}.Release|Any CPU.Build.0 = Release|Any CPU
		{22F4FBE9-DEC5-4E95-A0AF-98E551382454}.Release|Any CPU.Deploy.0 = Release|Any CPU
		{9A22747C-6AD9-4F82-B296-6C081DFAE444}.Debug|Any CPU.ActiveCfg = Debug|Any CPU
		{9A22747C-6AD9-4F82-B296-6C081DFAE444}.Debug|Any CPU.Build.0 = Debug|Any CPU
		{9A22747C-6AD9-4F82-B296-6C081DFAE444}.Release|Any CPU.ActiveCfg = Release|Any CPU
		{9A22747C-6AD9-4F82-B296-6C081DFAE444}.Release|Any CPU.Build.0 = Release|Any CPU
	EndGlobalSection
	GlobalSection(SolutionProperties) = preSolution
		HideSolutionNode = FALSE
	EndGlobalSection
	GlobalSection(ExtensibilityGlobals) = postSolution
		SolutionGuid = {972687AD-83B3-4BA1-A8EC-71A207AF456A}
	EndGlobalSection
EndGlobal
